
Microsoft Visual Studio Solution File, Format Version 12.00
# Visual Studio Version 17
VisualStudioVersion = 17.11.35222.181
MinimumVisualStudioVersion = 10.0.40219.1
Project("{FAE04EC0-301F-11D3-BF4B-00C04F79EFBC}") = "adatbaziscsatlakozas", "adatbaziscsatlakozas\adatbaziscsatlakozas.csproj", "{B9C58B04-218E-4A24-8B95-7203BC82E68B}"
EndProject
Global
	GlobalSection(SolutionConfigurationPlatforms) = preSolution
		Debug|Any CPU = Debug|Any CPU
		Release|Any CPU = Release|Any CPU
	EndGlobalSection
	GlobalSection(ProjectConfigurationPlatforms) = postSolution
		{B9C58B04-218E-4A24-8B95-7203BC82E68B}.Debug|Any CPU.ActiveCfg = Debug|Any CPU
		{B9C58B04-218E-4A24-8B95-7203BC82E68B}.Debug|Any CPU.Build.0 = Debug|Any CPU
		{B9C58B04-218E-4A24-8B95-7203BC82E68B}.Release|Any CPU.ActiveCfg = Release|Any CPU
		{B9C58B04-218E-4A24-8B95-7203BC82E68B}.Release|Any CPU.Build.0 = Release|Any CPU
	EndGlobalSection
	GlobalSection(SolutionProperties) = preSolution
		HideSolutionNode = FALSE
	EndGlobalSection
	GlobalSection(ExtensibilityGlobals) = postSolution
		SolutionGuid = {D3A26BBE-4906-426C-BD10-8D0C5C18EB77}
	EndGlobalSection
EndGlobal
